
Microsoft Visual Studio Solution File, Format Version 12.00
# Visual Studio 15
VisualStudioVersion = 15.0.28307.852
MinimumVisualStudioVersion = 10.0.40219.1
Project("{FAE04EC0-301F-11D3-BF4B-00C04F79EFBC}") = "ReviewVaiApp", "ReviewVaiApp\ReviewVaiApp.csproj", "{A21B79CC-BD83-4EA4-BBBC-3AAE28FA241D}"
EndProject
Global
	GlobalSection(SolutionConfigurationPlatforms) = preSolution
		Debug|Any CPU = Debug|Any CPU
		Release|Any CPU = Release|Any CPU
	EndGlobalSection
	GlobalSection(ProjectConfigurationPlatforms) = postSolution
		{A21B79CC-BD83-4EA4-BBBC-3AAE28FA241D}.Debug|Any CPU.ActiveCfg = Debug|Any CPU
		{A21B79CC-BD83-4EA4-BBBC-3AAE28FA241D}.Debug|Any CPU.Build.0 = Debug|Any CPU
		{A21B79CC-BD83-4EA4-BBBC-3AAE28FA241D}.Release|Any CPU.ActiveCfg = Release|Any CPU
		{A21B79CC-BD83-4EA4-BBBC-3AAE28FA241D}.Release|Any CPU.Build.0 = Release|Any CPU
	EndGlobalSection
	GlobalSection(SolutionProperties) = preSolution
		HideSolutionNode = FALSE
	EndGlobalSection
	GlobalSection(ExtensibilityGlobals) = postSolution
		SolutionGuid = {7E8A1365-CD0E-42C0-85B0-E34B0D90E83A}
	EndGlobalSection
EndGlobal
